{
  "name": "example",
  "version": "1.0.0",
  "lockfileVersion": 1,
  "requires": true,
  "dependencies": {
    "bluebird": {
      "version": "3.5.1",
      "resolved": "https://registry.npmjs.org/bluebird/-/bluebird-3.5.1.tgz",
      "integrity": "sha512-MKiLiV+I1AA596t9w1sQJ8jkiSr5+ZKi0WKrYGUn6d1Fx+Ij4tIj+m2WMQSGczs5jZVxV339chE8iwk6F64wjA=="
    },
    "exmes": {
      "version": "1.0.1",
      "resolved": "https://registry.npmjs.org/exmes/-/exmes-1.0.1.tgz",
      "integrity": "sha512-Y2t4eSWkgI8kF5eDrDsyVL8bebJPN+LvHBdF8KMQZ1FrA1QHkSmcC6gh5rMi8AKR108jY6P/8n4VgC5jf2xczA==",
      "requires": {
        "pull-file": "1.1.0",
        "pull-split": "0.2.0",
        "pull-stream": "3.6.7",
        "ts-heap": "1.1.3",
        "tslib": "1.9.0"
      }
    },
    "looper": {
      "version": "3.0.0",
      "resolved": "https://registry.npmjs.org/looper/-/looper-3.0.0.tgz",
      "integrity": "sha1-LvpUw7HLq6m5Su4uWRSwvlf7t0k="
    },
    "os-tmpdir": {
      "version": "1.0.2",
      "resolved": "https://registry.npmjs.org/os-tmpdir/-/os-tmpdir-1.0.2.tgz",
      "integrity": "sha1-u+Z0BseaqFxc/sdm/lc0VV36EnQ="
    },
    "pull-file": {
      "version": "1.1.0",
      "resolved": "https://registry.npmjs.org/pull-file/-/pull-file-1.1.0.tgz",
      "integrity": "sha1-HdmHYF1jV6DSPB5Lgm95FaIVEpw=",
      "requires": {
        "pull-utf8-decoder": "1.0.2"
      }
    },
    "pull-split": {
      "version": "0.2.0",
      "resolved": "https://registry.npmjs.org/pull-split/-/pull-split-0.2.0.tgz",
      "integrity": "sha1-mW0ohTEFIgmoMTiK0NKB3zyCN5Y=",
      "requires": {
        "pull-through": "1.0.18"
      }
    },
    "pull-stream": {
      "version": "3.6.7",
      "resolved": "https://registry.npmjs.org/pull-stream/-/pull-stream-3.6.7.tgz",
      "integrity": "sha512-XdE2/o1I2lK7A+sbbA/HjYnd5Xk7wL5CwAKzqHIgcBsluDb0LiKHNTl1K0it3/RKPshQljLf4kl1aJ12YsCCGQ=="
    },
    "pull-through": {
      "version": "1.0.18",
      "resolved": "https://registry.npmjs.org/pull-through/-/pull-through-1.0.18.tgz",
      "integrity": "sha1-jdYjFCY+Wc9Qlur7sSeitu8xBzU=",
      "requires": {
        "looper": "3.0.0"
      }
    },
    "pull-utf8-decoder": {
      "version": "1.0.2",
      "resolved": "https://registry.npmjs.org/pull-utf8-decoder/-/pull-utf8-decoder-1.0.2.tgz",
      "integrity": "sha1-p6+iOE0eZBWl1gIFQSbMjeO8vOc="
    },
    "tmp": {
      "version": "0.0.33",
      "resolved": "https://registry.npmjs.org/tmp/-/tmp-0.0.33.tgz",
      "integrity": "sha512-jRCJlojKnZ3addtTOjdIqoRuPEKBvNXcGYqzO6zWZX8KfKEpnGY5jfggJQ3EjKuu8D4bJRr0y+cYJFmYbImXGw==",
      "requires": {
        "os-tmpdir": "1.0.2"
      }
    },
    "tmp-promise": {
      "version": "1.0.4",
      "resolved": "https://registry.npmjs.org/tmp-promise/-/tmp-promise-1.0.4.tgz",
      "integrity": "sha512-76r7LZhAvRJ3kLD/xrPSEGb3aq0tirzMLJKhcchKSkQIiEgXB+RouC0ygReuZX+oiA64taGo+j+1gHTKSG8/Mg==",
      "requires": {
        "bluebird": "3.5.1",
        "tmp": "0.0.33"
      }
    },
    "ts-heap": {
      "version": "1.1.3",
      "resolved": "https://registry.npmjs.org/ts-heap/-/ts-heap-1.1.3.tgz",
      "integrity": "sha512-SjuxU4q6ulbhkIRp6ye5A7+hG19WGrVWzDCfit6i0FYup2WxcbWtWwdSMmtBaf4zc4kmOPcWNd2fBBtKB6ZH1g=="
    },
    "tslib": {
      "version": "1.9.0",
      "resolved": "https://registry.npmjs.org/tslib/-/tslib-1.9.0.tgz",
      "integrity": "sha512-f/qGG2tUkrISBlQZEjEqoZ3B2+npJjIf04H1wuAv9iA8i04Icp+61KRXxFdha22670NJopsZCIjhC3SnjPRKrQ=="
    }
  }
}
